
Microsoft Visual Studio Solution File, Format Version 12.00
# Visual Studio Version 17
VisualStudioVersion = 17.0.31903.59
MinimumVisualStudioVersion = 10.0.40219.1
Project("{FAE04EC0-301F-11D3-BF4B-00C04F79EFBC}") = "04-delegates-events.FileSystemWatcher", "04-delegates-events.FileSystemWatcher\04-delegates-events.FileSystemWatcher.csproj", "{C9FB5D3C-2FB8-410F-AF49-577F5E75B736}"
EndProject
Project("{FAE04EC0-301F-11D3-BF4B-00C04F79EFBC}") = "04-delegates-events.FileSystemWatcher.Prog", "04-delegates-events.FileSystemWatcher.Prog\04-delegates-events.FileSystemWatcher.Prog.csproj", "{449CCBFA-FF74-45FE-9D8A-E6200DAB969E}"
EndProject
Global
	GlobalSection(SolutionConfigurationPlatforms) = preSolution
		Debug|Any CPU = Debug|Any CPU
		Release|Any CPU = Release|Any CPU
	EndGlobalSection
	GlobalSection(SolutionProperties) = preSolution
		HideSolutionNode = FALSE
	EndGlobalSection
	GlobalSection(ProjectConfigurationPlatforms) = postSolution
		{C9FB5D3C-2FB8-410F-AF49-577F5E75B736}.Debug|Any CPU.ActiveCfg = Debug|Any CPU
		{C9FB5D3C-2FB8-410F-AF49-577F5E75B736}.Debug|Any CPU.Build.0 = Debug|Any CPU
		{C9FB5D3C-2FB8-410F-AF49-577F5E75B736}.Release|Any CPU.ActiveCfg = Release|Any CPU
		{C9FB5D3C-2FB8-410F-AF49-577F5E75B736}.Release|Any CPU.Build.0 = Release|Any CPU
		{449CCBFA-FF74-45FE-9D8A-E6200DAB969E}.Debug|Any CPU.ActiveCfg = Debug|Any CPU
		{449CCBFA-FF74-45FE-9D8A-E6200DAB969E}.Debug|Any CPU.Build.0 = Debug|Any CPU
		{449CCBFA-FF74-45FE-9D8A-E6200DAB969E}.Release|Any CPU.ActiveCfg = Release|Any CPU
		{449CCBFA-FF74-45FE-9D8A-E6200DAB969E}.Release|Any CPU.Build.0 = Release|Any CPU
	EndGlobalSection
EndGlobal
